<Solution>
  <Folder Name="/Solution Items/">
    <File Path=".editorconfig" />
    <File Path="tandoku.ruleset" />
  </Folder>
  <Project Path="src/Tandoku.CommandLine/Tandoku.CommandLine.csproj" />
  <Project Path="src/Tandoku.Core/Tandoku.Core.csproj" />
  <Project Path="tests/Tandoku.CommandLine.Tests/Tandoku.CommandLine.Tests.csproj" />
  <Project Path="tests/Tandoku.Core.Tests/Tandoku.Core.Tests.csproj" />
</Solution>
